// !$*UTF8*$!
{
	archiveVersion = 1;
	classes = {
	};
	objectVersion = 50;
	objects = {

/* Begin PBXBuildFile section */
		0DD9A7659821DF8A3008EE6D /* Pods_Todoey.framework in Frameworks */ = {isa = PBXBuildFile; fileRef = 174D80C49CA5B48EE2C871B7 /* Pods_Todoey.framework */; };
		BA2D1D6320F49227008C6991 /* CategoryViewController.swift in Sources */ = {isa = PBXBuildFile; fileRef = BA2D1D6220F49227008C6991 /* CategoryViewController.swift */; };
		BA75216420E3FBDE0017718A /* AppDelegate.swift in Sources */ = {isa = PBXBuildFile; fileRef = BA75216320E3FBDE0017718A /* AppDelegate.swift */; };
		BA75216620E3FBDE0017718A /* TodoListViewController.swift in Sources */ = {isa = PBXBuildFile; fileRef = BA75216520E3FBDE0017718A /* TodoListViewController.swift */; };
		BA75216920E3FBDE0017718A /* Main.storyboard in Resources */ = {isa = PBXBuildFile; fileRef = BA75216720E3FBDE0017718A /* Main.storyboard */; };
		BA75216B20E3FBE00017718A /* Assets.xcassets in Resources */ = {isa = PBXBuildFile; fileRef = BA75216A20E3FBE00017718A /* Assets.xcassets */; };
		BA75216E20E3FBE00017718A /* LaunchScreen.storyboard in Resources */ = {isa = PBXBuildFile; fileRef = BA75216C20E3FBE00017718A /* LaunchScreen.storyboard */; };
		BAD234B220FB67B60098196C /* Item.swift in Sources */ = {isa = PBXBuildFile; fileRef = BAD234B120FB67B60098196C /* Item.swift */; };
		BAD234B420FB67D00098196C /* Category.swift in Sources */ = {isa = PBXBuildFile; fileRef = BAD234B320FB67D00098196C /* Category.swift */; };
/* End PBXBuildFile section */

/* Begin PBXFileReference section */
		174D80C49CA5B48EE2C871B7 /* Pods_Todoey.framework */ = {isa = PBXFileReference; explicitFileType = wrapper.framework; includeInIndex = 0; path = Pods_Todoey.framework; sourceTree = BUILT_PRODUCTS_DIR; };
		633176938D3C323766559B0C /* Pods-Todoey.debug.xcconfig */ = {isa = PBXFileReference; includeInIndex = 1; lastKnownFileType = text.xcconfig; name = "Pods-Todoey.debug.xcconfig"; path = "Pods/Target Support Files/Pods-Todoey/Pods-Todoey.debug.xcconfig"; sourceTree = "<group>"; };
		66A462E528C39D74B83BC069 /* Pods-Todoey.release.xcconfig */ = {isa = PBXFileReference; includeInIndex = 1; lastKnownFileType = text.xcconfig; name = "Pods-Todoey.release.xcconfig"; path = "Pods/Target Support Files/Pods-Todoey/Pods-Todoey.release.xcconfig"; sourceTree = "<group>"; };
		BA2D1D6220F49227008C6991 /* CategoryViewController.swift */ = {isa = PBXFileReference; lastKnownFileType = sourcecode.swift; path = CategoryViewController.swift; sourceTree = "<group>"; };
		BA75216020E3FBDE0017718A /* Todoey.app */ = {isa = PBXFileReference; explicitFileType = wrapper.application; includeInIndex = 0; path = Todoey.app; sourceTree = BUILT_PRODUCTS_DIR; };
		BA75216320E3FBDE0017718A /* AppDelegate.swift */ = {isa = PBXFileReference; lastKnownFileType = sourcecode.swift; path = AppDelegate.swift; sourceTree = "<group>"; };
		BA75216520E3FBDE0017718A /* TodoListViewController.swift */ = {isa = PBXFileReference; lastKnownFileType = sourcecode.swift; path = TodoListViewController.swift; sourceTree = "<group>"; };
		BA75216820E3FBDE0017718A /* Base */ = {isa = PBXFileReference; lastKnownFileType = file.storyboard; name = Base; path = Base.lproj/Main.storyboard; sourceTree = "<group>"; };
		BA75216A20E3FBE00017718A /* Assets.xcassets */ = {isa = PBXFileReference; lastKnownFileType = folder.assetcatalog; path = Assets.xcassets; sourceTree = "<group>"; };
		BA75216D20E3FBE00017718A /* Base */ = {isa = PBXFileReference; lastKnownFileType = file.storyboard; name = Base; path = Base.lproj/LaunchScreen.storyboard; sourceTree = "<group>"; };
		BA75216F20E3FBE00017718A /* Info.plist */ = {isa = PBXFileReference; lastKnownFileType = text.plist.xml; path = Info.plist; sourceTree = "<group>"; };
		BAD234B120FB67B60098196C /* Item.swift */ = {isa = PBXFileReference; lastKnownFileType = sourcecode.swift; path = Item.swift; sourceTree = "<group>"; };
		BAD234B320FB67D00098196C /* Category.swift */ = {isa = PBXFileReference; lastKnownFileType = sourcecode.swift; path = Category.swift; sourceTree = "<group>"; };
/* End PBXFileReference section */

/* Begin PBXFrameworksBuildPhase section */
		BA75215D20E3FBDE0017718A /* Frameworks */ = {
			isa = PBXFrameworksBuildPhase;
			buildActionMask = 2147483647;
			files = (
				0DD9A7659821DF8A3008EE6D /* Pods_Todoey.framework in Frameworks */,
			);
			runOnlyForDeploymentPostprocessing = 0;
		};
/* End PBXFrameworksBuildPhase section */

/* Begin PBXGroup section */
		37F01114491E68A39CE8F588 /* Pods */ = {
			isa = PBXGroup;
			children = (
				633176938D3C323766559B0C /* Pods-Todoey.debug.xcconfig */,
				66A462E528C39D74B83BC069 /* Pods-Todoey.release.xcconfig */,
			);
			name = Pods;
			sourceTree = "<group>";
		};
		BA672E3520EF4875003DAD21 /* Data Model */ = {
			isa = PBXGroup;
			children = (
				BAD234B320FB67D00098196C /* Category.swift */,
				BAD234B120FB67B60098196C /* Item.swift */,
			);
			path = "Data Model";
			sourceTree = "<group>";
		};
		BA672E3620EF4891003DAD21 /* Controllers */ = {
			isa = PBXGroup;
			children = (
				BA2D1D6220F49227008C6991 /* CategoryViewController.swift */,
				BA75216520E3FBDE0017718A /* TodoListViewController.swift */,
			);
			path = Controllers;
			sourceTree = "<group>";
		};
		BA672E3720EF49FE003DAD21 /* Views */ = {
			isa = PBXGroup;
			children = (
				BA75216720E3FBDE0017718A /* Main.storyboard */,
			);
			path = Views;
			sourceTree = "<group>";
		};
		BA672E3820EF4A67003DAD21 /* Supporting Files */ = {
			isa = PBXGroup;
			children = (
				BA75216A20E3FBE00017718A /* Assets.xcassets */,
				BA75216C20E3FBE00017718A /* LaunchScreen.storyboard */,
			);
			path = "Supporting Files";
			sourceTree = "<group>";
		};
		BA75215720E3FBDE0017718A = {
			isa = PBXGroup;
			children = (
				BA75216220E3FBDE0017718A /* Todoey */,
				BA75216120E3FBDE0017718A /* Products */,
				37F01114491E68A39CE8F588 /* Pods */,
				C3B1F5FE91A24905C227D776 /* Frameworks */,
			);
			sourceTree = "<group>";
		};
		BA75216120E3FBDE0017718A /* Products */ = {
			isa = PBXGroup;
			children = (
				BA75216020E3FBDE0017718A /* Todoey.app */,
			);
			name = Products;
			sourceTree = "<group>";
		};
		BA75216220E3FBDE0017718A /* Todoey */ = {
			isa = PBXGroup;
			children = (
				BA75216320E3FBDE0017718A /* AppDelegate.swift */,
				BA672E3520EF4875003DAD21 /* Data Model */,
				BA672E3720EF49FE003DAD21 /* Views */,
				BA672E3620EF4891003DAD21 /* Controllers */,
				BA672E3820EF4A67003DAD21 /* Supporting Files */,
				BA75216F20E3FBE00017718A /* Info.plist */,
			);
			path = Todoey;
			sourceTree = "<group>";
		};
		C3B1F5FE91A24905C227D776 /* Frameworks */ = {
			isa = PBXGroup;
			children = (
				174D80C49CA5B48EE2C871B7 /* Pods_Todoey.framework */,
			);
			name = Frameworks;
			sourceTree = "<group>";
		};
/* End PBXGroup section */

/* Begin PBXNativeTarget section */
		BA75215F20E3FBDE0017718A /* Todoey */ = {
			isa = PBXNativeTarget;
			buildConfigurationList = BA75217220E3FBE00017718A /* Build configuration list for PBXNativeTarget "Todoey" */;
			buildPhases = (
				1E41F19770BD3BA68C5180A4 /* [CP] Check Pods Manifest.lock */,
				BA75215C20E3FBDE0017718A /* Sources */,
				BA75215D20E3FBDE0017718A /* Frameworks */,
				BA75215E20E3FBDE0017718A /* Resources */,
				F35CBF995B9797986674BA89 /* [CP] Embed Pods Frameworks */,
			);
			buildRules = (
			);
			dependencies = (
			);
			name = Todoey;
			productName = Todoey;
			productReference = BA75216020E3FBDE0017718A /* Todoey.app */;
			productType = "com.apple.product-type.application";
		};
/* End PBXNativeTarget section */

/* Begin PBXProject section */
		BA75215820E3FBDE0017718A /* Project object */ = {
			isa = PBXProject;
			attributes = {
				LastSwiftUpdateCheck = 0930;
				LastUpgradeCheck = 0930;
				ORGANIZATIONNAME = Opia;
				TargetAttributes = {
					BA75215F20E3FBDE0017718A = {
						CreatedOnToolsVersion = 9.3;
					};
				};
			};
			buildConfigurationList = BA75215B20E3FBDE0017718A /* Build configuration list for PBXProject "Todoey" */;
			compatibilityVersion = "Xcode 9.3";
			developmentRegion = en;
			hasScannedForEncodings = 0;
			knownRegions = (
				en,
				Base,
			);
			mainGroup = BA75215720E3FBDE0017718A;
			productRefGroup = BA75216120E3FBDE0017718A /* Products */;
			projectDirPath = "";
			projectRoot = "";
			targets = (
				BA75215F20E3FBDE0017718A /* Todoey */,
			);
		};
/* End PBXProject section */

/* Begin PBXResourcesBuildPhase section */
		BA75215E20E3FBDE0017718A /* Resources */ = {
			isa = PBXResourcesBuildPhase;
			buildActionMask = 2147483647;
			files = (
				BA75216E20E3FBE00017718A /* LaunchScreen.storyboard in Resources */,
				BA75216B20E3FBE00017718A /* Assets.xcassets in Resources */,
				BA75216920E3FBDE0017718A /* Main.storyboard in Resources */,
			);
			runOnlyForDeploymentPostprocessing = 0;
		};
/* End PBXResourcesBuildPhase section */

/* Begin PBXShellScriptBuildPhase section */
		1E41F19770BD3BA68C5180A4 /* [CP] Check Pods Manifest.lock */ = {
			isa = PBXShellScriptBuildPhase;
			buildActionMask = 2147483647;
			files = (
			);
			inputPaths = (
				"${PODS_PODFILE_DIR_PATH}/Podfile.lock",
				"${PODS_ROOT}/Manifest.lock",
			);
			name = "[CP] Check Pods Manifest.lock";
			outputPaths = (
				"$(DERIVED_FILE_DIR)/Pods-Todoey-checkManifestLockResult.txt",
			);
			runOnlyForDeploymentPostprocessing = 0;
			shellPath = /bin/sh;
			shellScript = "diff \"${PODS_PODFILE_DIR_PATH}/Podfile.lock\" \"${PODS_ROOT}/Manifest.lock\" > /dev/null\nif [ $? != 0 ] ; then\n    # print error to STDERR\n    echo \"error: The sandbox is not in sync with the Podfile.lock. Run 'pod install' or update your CocoaPods installation.\" >&2\n    exit 1\nfi\n# This output is used by Xcode 'outputs' to avoid re-running this script phase.\necho \"SUCCESS\" > \"${SCRIPT_OUTPUT_FILE_0}\"\n";
			showEnvVarsInLog = 0;
		};
		F35CBF995B9797986674BA89 /* [CP] Embed Pods Frameworks */ = {
			isa = PBXShellScriptBuildPhase;
			buildActionMask = 2147483647;
			files = (
			);
			inputPaths = (
				"${SRCROOT}/Pods/Target Support Files/Pods-Todoey/Pods-Todoey-frameworks.sh",
				"${BUILT_PRODUCTS_DIR}/Realm/Realm.framework",
				"${BUILT_PRODUCTS_DIR}/RealmSwift/RealmSwift.framework",
			);
			name = "[CP] Embed Pods Frameworks";
			outputPaths = (
				"${TARGET_BUILD_DIR}/${FRAMEWORKS_FOLDER_PATH}/Realm.framework",
				"${TARGET_BUILD_DIR}/${FRAMEWORKS_FOLDER_PATH}/RealmSwift.framework",
			);
			runOnlyForDeploymentPostprocessing = 0;
			shellPath = /bin/sh;
			shellScript = "\"${SRCROOT}/Pods/Target Support Files/Pods-Todoey/Pods-Todoey-frameworks.sh\"\n";
			showEnvVarsInLog = 0;
		};
/* End PBXShellScriptBuildPhase section */

/* Begin PBXSourcesBuildPhase section */
		BA75215C20E3FBDE0017718A /* Sources */ = {
			isa = PBXSourcesBuildPhase;
			buildActionMask = 2147483647;
			files = (
				BAD234B220FB67B60098196C /* Item.swift in Sources */,
				BA2D1D6320F49227008C6991 /* CategoryViewController.swift in Sources */,
				BA75216620E3FBDE0017718A /* TodoListViewController.swift in Sources */,
				BA75216420E3FBDE0017718A /* AppDelegate.swift in Sources */,
				BAD234B420FB67D00098196C /* Category.swift in Sources */,
			);
			runOnlyForDeploymentPostprocessing = 0;
		};
/* End PBXSourcesBuildPhase section */

/* Begin PBXVariantGroup section */
		BA75216720E3FBDE0017718A /* Main.storyboard */ = {
			isa = PBXVariantGroup;
			children = (
				BA75216820E3FBDE0017718A /* Base */,
			);
			name = Main.storyboard;
			sourceTree = "<group>";
		};
		BA75216C20E3FBE00017718A /* LaunchScreen.storyboard */ = {
			isa = PBXVariantGroup;
			children = (
				BA75216D20E3FBE00017718A /* Base */,
			);
			name = LaunchScreen.storyboard;
			sourceTree = "<group>";
		};
/* End PBXVariantGroup section */

/* Begin XCBuildConfiguration section */
		BA75217020E3FBE00017718A /* Debug */ = {
			isa = XCBuildConfiguration;
			buildSettings = {
				ALWAYS_SEARCH_USER_PATHS = NO;
				CLANG_ANALYZER_NONNULL = YES;
				CLANG_ANALYZER_NUMBER_OBJECT_CONVERSION = YES_AGGRESSIVE;
				CLANG_CXX_LANGUAGE_STANDARD = "gnu++14";
				CLANG_CXX_LIBRARY = "libc++";
				CLANG_ENABLE_MODULES = YES;
				CLANG_ENABLE_OBJC_ARC = YES;
				CLANG_ENABLE_OBJC_WEAK = YES;
				CLANG_WARN_BLOCK_CAPTURE_AUTORELEASING = YES;
				CLANG_WARN_BOOL_CONVERSION = YES;
				CLANG_WARN_COMMA = YES;
				CLANG_WARN_CONSTANT_CONVERSION = YES;
				CLANG_WARN_DEPRECATED_OBJC_IMPLEMENTATIONS = YES;
				CLANG_WARN_DIRECT_OBJC_ISA_USAGE = YES_ERROR;
				CLANG_WARN_DOCUMENTATION_COMMENTS = YES;
				CLANG_WARN_EMPTY_BODY = YES;
				CLANG_WARN_ENUM_CONVERSION = YES;
				CLANG_WARN_INFINITE_RECURSION = YES;
				CLANG_WARN_INT_CONVERSION = YES;
				CLANG_WARN_NON_LITERAL_NULL_CONVERSION = YES;
				CLANG_WARN_OBJC_IMPLICIT_RETAIN_SELF = YES;
				CLANG_WARN_OBJC_LITERAL_CONVERSION = YES;
				CLANG_WARN_OBJC_ROOT_CLASS = YES_ERROR;
				CLANG_WARN_RANGE_LOOP_ANALYSIS = YES;
				CLANG_WARN_STRICT_PROTOTYPES = YES;
				CLANG_WARN_SUSPICIOUS_MOVE = YES;
				CLANG_WARN_UNGUARDED_AVAILABILITY = YES_AGGRESSIVE;
				CLANG_WARN_UNREACHABLE_CODE = YES;
				CLANG_WARN__DUPLICATE_METHOD_MATCH = YES;
				CODE_SIGN_IDENTITY = "iPhone Developer";
				COPY_PHASE_STRIP = NO;
				DEBUG_INFORMATION_FORMAT = dwarf;
				ENABLE_STRICT_OBJC_MSGSEND = YES;
				ENABLE_TESTABILITY = YES;
				GCC_C_LANGUAGE_STANDARD = gnu11;
				GCC_DYNAMIC_NO_PIC = NO;
				GCC_NO_COMMON_BLOCKS = YES;
				GCC_OPTIMIZATION_LEVEL = 0;
				GCC_PREPROCESSOR_DEFINITIONS = (
					"DEBUG=1",
					"$(inherited)",
				);
				GCC_WARN_64_TO_32_BIT_CONVERSION = YES;
				GCC_WARN_ABOUT_RETURN_TYPE = YES_ERROR;
				GCC_WARN_UNDECLARED_SELECTOR = YES;
				GCC_WARN_UNINITIALIZED_AUTOS = YES_AGGRESSIVE;
				GCC_WARN_UNUSED_FUNCTION = YES;
				GCC_WARN_UNUSED_VARIABLE = YES;
				IPHONEOS_DEPLOYMENT_TARGET = 11.3;
				MTL_ENABLE_DEBUG_INFO = YES;
				ONLY_ACTIVE_ARCH = YES;
				SDKROOT = iphoneos;
				SWIFT_ACTIVE_COMPILATION_CONDITIONS = DEBUG;
				SWIFT_OPTIMIZATION_LEVEL = "-Onone";
			};
			name = Debug;
		};
		BA75217120E3FBE00017718A /* Release */ = {
			isa = XCBuildConfiguration;
			buildSettings = {
				ALWAYS_SEARCH_USER_PATHS = NO;
				CLANG_ANALYZER_NONNULL = YES;
				CLANG_ANALYZER_NUMBER_OBJECT_CONVERSION = YES_AGGRESSIVE;
				CLANG_CXX_LANGUAGE_STANDARD = "gnu++14";
				CLANG_CXX_LIBRARY = "libc++";
				CLANG_ENABLE_MODULES = YES;
				CLANG_ENABLE_OBJC_ARC = YES;
				CLANG_ENABLE_OBJC_WEAK = YES;
				CLANG_WARN_BLOCK_CAPTURE_AUTORELEASING = YES;
				CLANG_WARN_BOOL_CONVERSION = YES;
				CLANG_WARN_COMMA = YES;
				CLANG_WARN_CONSTANT_CONVERSION = YES;
				CLANG_WARN_DEPRECATED_OBJC_IMPLEMENTATIONS = YES;
				CLANG_WARN_DIRECT_OBJC_ISA_USAGE = YES_ERROR;
				CLANG_WARN_DOCUMENTATION_COMMENTS = YES;
				CLANG_WARN_EMPTY_BODY = YES;
				CLANG_WARN_ENUM_CONVERSION = YES;
				CLANG_WARN_INFINITE_RECURSION = YES;
				CLANG_WARN_INT_CONVERSION = YES;
				CLANG_WARN_NON_LITERAL_NULL_CONVERSION = YES;
				CLANG_WARN_OBJC_IMPLICIT_RETAIN_SELF = YES;
				CLANG_WARN_OBJC_LITERAL_CONVERSION = YES;
				CLANG_WARN_OBJC_ROOT_CLASS = YES_ERROR;
				CLANG_WARN_RANGE_LOOP_ANALYSIS = YES;
				CLANG_WARN_STRICT_PROTOTYPES = YES;
				CLANG_WARN_SUSPICIOUS_MOVE = YES;
				CLANG_WARN_UNGUARDED_AVAILABILITY = YES_AGGRESSIVE;
				CLANG_WARN_UNREACHABLE_CODE = YES;
				CLANG_WARN__DUPLICATE_METHOD_MATCH = YES;
				CODE_SIGN_IDENTITY = "iPhone Developer";
				COPY_PHASE_STRIP = NO;
				DEBUG_INFORMATION_FORMAT = "dwarf-with-dsym";
				ENABLE_NS_ASSERTIONS = NO;
				ENABLE_STRICT_OBJC_MSGSEND = YES;
				GCC_C_LANGUAGE_STANDARD = gnu11;
				GCC_NO_COMMON_BLOCKS = YES;
				GCC_WARN_64_TO_32_BIT_CONVERSION = YES;
				GCC_WARN_ABOUT_RETURN_TYPE = YES_ERROR;
				GCC_WARN_UNDECLARED_SELECTOR = YES;
				GCC_WARN_UNINITIALIZED_AUTOS = YES_AGGRESSIVE;
				GCC_WARN_UNUSED_FUNCTION = YES;
				GCC_WARN_UNUSED_VARIABLE = YES;
				IPHONEOS_DEPLOYMENT_TARGET = 11.3;
				MTL_ENABLE_DEBUG_INFO = NO;
				SDKROOT = iphoneos;
				SWIFT_COMPILATION_MODE = wholemodule;
				SWIFT_OPTIMIZATION_LEVEL = "-O";
				VALIDATE_PRODUCT = YES;
			};
			name = Release;
		};
		BA75217320E3FBE00017718A /* Debug */ = {
			isa = XCBuildConfiguration;
			baseConfigurationReference = 633176938D3C323766559B0C /* Pods-Todoey.debug.xcconfig */;
			buildSettings = {
				ASSETCATALOG_COMPILER_APPICON_NAME = AppIcon;
				CODE_SIGN_STYLE = Automatic;
				DEVELOPMENT_TEAM = 52V7J3YLHZ;
				INFOPLIST_FILE = Todoey/Info.plist;
				LD_RUNPATH_SEARCH_PATHS = (
					"$(inherited)",
					"@executable_path/Frameworks",
				);
				PRODUCT_BUNDLE_IDENTIFIER = Opia.Todoey;
				PRODUCT_NAME = "$(TARGET_NAME)";
				SWIFT_VERSION = 4.0;
				TARGETED_DEVICE_FAMILY = "1,2";
			};
			name = Debug;
		};
		BA75217420E3FBE00017718A /* Release */ = {
			isa = XCBuildConfiguration;
			baseConfigurationReference = 66A462E528C39D74B83BC069 /* Pods-Todoey.release.xcconfig */;
			buildSettings = {
				ASSETCATALOG_COMPILER_APPICON_NAME = AppIcon;
				CODE_SIGN_STYLE = Automatic;
				DEVELOPMENT_TEAM = 52V7J3YLHZ;
				INFOPLIST_FILE = Todoey/Info.plist;
				LD_RUNPATH_SEARCH_PATHS = (
					"$(inherited)",
					"@executable_path/Frameworks",
				);
				PRODUCT_BUNDLE_IDENTIFIER = Opia.Todoey;
				PRODUCT_NAME = "$(TARGET_NAME)";
				SWIFT_VERSION = 4.0;
				TARGETED_DEVICE_FAMILY = "1,2";
			};
			name = Release;
		};
/* End XCBuildConfiguration section */

/* Begin XCConfigurationList section */
		BA75215B20E3FBDE0017718A /* Build configuration list for PBXProject "Todoey" */ = {
			isa = XCConfigurationList;
			buildConfigurations = (
				BA75217020E3FBE00017718A /* Debug */,
				BA75217120E3FBE00017718A /* Release */,
			);
			defaultConfigurationIsVisible = 0;
			defaultConfigurationName = Release;
		};
		BA75217220E3FBE00017718A /* Build configuration list for PBXNativeTarget "Todoey" */ = {
			isa = XCConfigurationList;
			buildConfigurations = (
				BA75217320E3FBE00017718A /* Debug */,
				BA75217420E3FBE00017718A /* Release */,
			);
			defaultConfigurationIsVisible = 0;
			defaultConfigurationName = Release;
		};
/* End XCConfigurationList section */
	};
	rootObject = BA75215820E3FBDE0017718A /* Project object */;
}
